
Microsoft Visual Studio Solution File, Format Version 12.00
# Visual Studio Version 16
VisualStudioVersion = 16.0.28922.388
MinimumVisualStudioVersion = 10.0.40219.1
Project("{9A19103F-16F7-4668-BE54-9A1E7A4F7556}") = "AzureCognitiveTranslator", "AzureCognitiveTranslator.csproj", "{321BB5C7-1A38-459E-926E-3317C6F588A1}"
EndProject
Project("{9A19103F-16F7-4668-BE54-9A1E7A4F7556}") = "ExmpForTranslator", "..\ExmpForTranslator\ExmpForTranslator.csproj", "{9261DC95-2EFF-47A5-8C15-7E95797BEE40}"
EndProject
Global
	GlobalSection(SolutionConfigurationPlatforms) = preSolution
		Debug|Any CPU = Debug|Any CPU
		Release|Any CPU = Release|Any CPU
	EndGlobalSection
	GlobalSection(ProjectConfigurationPlatforms) = postSolution
		{321BB5C7-1A38-459E-926E-3317C6F588A1}.Debug|Any CPU.ActiveCfg = Debug|Any CPU
		{321BB5C7-1A38-459E-926E-3317C6F588A1}.Debug|Any CPU.Build.0 = Debug|Any CPU
		{321BB5C7-1A38-459E-926E-3317C6F588A1}.Release|Any CPU.ActiveCfg = Release|Any CPU
		{321BB5C7-1A38-459E-926E-3317C6F588A1}.Release|Any CPU.Build.0 = Release|Any CPU
		{9261DC95-2EFF-47A5-8C15-7E95797BEE40}.Debug|Any CPU.ActiveCfg = Debug|Any CPU
		{9261DC95-2EFF-47A5-8C15-7E95797BEE40}.Debug|Any CPU.Build.0 = Debug|Any CPU
		{9261DC95-2EFF-47A5-8C15-7E95797BEE40}.Release|Any CPU.ActiveCfg = Release|Any CPU
		{9261DC95-2EFF-47A5-8C15-7E95797BEE40}.Release|Any CPU.Build.0 = Release|Any CPU
	EndGlobalSection
	GlobalSection(SolutionProperties) = preSolution
		HideSolutionNode = FALSE
	EndGlobalSection
	GlobalSection(ExtensibilityGlobals) = postSolution
		SolutionGuid = {F64DF39C-1CE2-494E-87ED-DEDE2AD75A68}
	EndGlobalSection
EndGlobal
